
Microsoft Visual Studio Solution File, Format Version 12.00
# Visual Studio Version 16
VisualStudioVersion = 16.0.31911.196
MinimumVisualStudioVersion = 10.0.40219.1
Project("{FAE04EC0-301F-11D3-BF4B-00C04F79EFBC}") = "pr3_chel", "pr3_chel\pr3_chel.csproj", "{9C688F33-AD0A-451A-9716-0F0E6CEA090C}"
EndProject
Project("{FAE04EC0-301F-11D3-BF4B-00C04F79EFBC}") = "Lib_14", "Practice\Lib_14.csproj", "{8D687D3D-DF91-4F24-8C87-B27CDCA09599}"
EndProject
Project("{FAE04EC0-301F-11D3-BF4B-00C04F79EFBC}") = "LibMas", "MatrixOperation\LibMas.csproj", "{1D70660C-CF97-4555-BAFB-6FE7B594957E}"
EndProject
Global
	GlobalSection(SolutionConfigurationPlatforms) = preSolution
		Debug|Any CPU = Debug|Any CPU
		Release|Any CPU = Release|Any CPU
	EndGlobalSection
	GlobalSection(ProjectConfigurationPlatforms) = postSolution
		{9C688F33-AD0A-451A-9716-0F0E6CEA090C}.Debug|Any CPU.ActiveCfg = Debug|Any CPU
		{9C688F33-AD0A-451A-9716-0F0E6CEA090C}.Debug|Any CPU.Build.0 = Debug|Any CPU
		{9C688F33-AD0A-451A-9716-0F0E6CEA090C}.Release|Any CPU.ActiveCfg = Release|Any CPU
		{9C688F33-AD0A-451A-9716-0F0E6CEA090C}.Release|Any CPU.Build.0 = Release|Any CPU
		{8D687D3D-DF91-4F24-8C87-B27CDCA09599}.Debug|Any CPU.ActiveCfg = Debug|Any CPU
		{8D687D3D-DF91-4F24-8C87-B27CDCA09599}.Debug|Any CPU.Build.0 = Debug|Any CPU
		{8D687D3D-DF91-4F24-8C87-B27CDCA09599}.Release|Any CPU.ActiveCfg = Release|Any CPU
		{8D687D3D-DF91-4F24-8C87-B27CDCA09599}.Release|Any CPU.Build.0 = Release|Any CPU
		{1D70660C-CF97-4555-BAFB-6FE7B594957E}.Debug|Any CPU.ActiveCfg = Debug|Any CPU
		{1D70660C-CF97-4555-BAFB-6FE7B594957E}.Debug|Any CPU.Build.0 = Debug|Any CPU
		{1D70660C-CF97-4555-BAFB-6FE7B594957E}.Release|Any CPU.ActiveCfg = Release|Any CPU
		{1D70660C-CF97-4555-BAFB-6FE7B594957E}.Release|Any CPU.Build.0 = Release|Any CPU
	EndGlobalSection
	GlobalSection(SolutionProperties) = preSolution
		HideSolutionNode = FALSE
	EndGlobalSection
	GlobalSection(ExtensibilityGlobals) = postSolution
		SolutionGuid = {DE0E7F9D-1887-4EDB-96AA-BAD2091684FD}
	EndGlobalSection
EndGlobal
